# This file is autogenerated, do not edit; changes may be undone by the next 'dep ensure'.


[[projects]]
  branch = "master"
  name = "github.com/Azure/go-ansiterm"
  packages = [
    ".",
    "winterm"
  ]
  revision = "d6e3b3328b783f23731bc4d058875b0371ff8109"

[[projects]]
  name = "github.com/Sirupsen/logrus"
  packages = ["."]
  revision = "d682213848ed68c0a260ca37d6dd5ace8423f5ba"
  version = "v1.0.4"

[[projects]]
  name = "github.com/cloudflare/cfssl"
  packages = ["log"]
  revision = "4e2dcbde500472449917533851bf4bae9bdff562"
  version = "1.3.1"

[[projects]]
  name = "github.com/docker/docker"
  packages = [
    "pkg/term",
    "pkg/term/windows"
  ]
  revision = "092cba3727bb9b4a2f0e922cd6c0f93ea270e363"
  version = "v1.13.1"

[[projects]]
  name = "github.com/docker/machine"
  packages = [
    "libmachine/drivers",
    "libmachine/drivers/plugin",
    "libmachine/drivers/plugin/localbinary",
    "libmachine/drivers/rpc",
    "libmachine/log",
    "libmachine/mcnflag",
    "libmachine/mcnutils",
    "libmachine/ssh",
    "libmachine/state",
    "libmachine/version",
    "version"
  ]
  revision = "9ba6da9ebd1140b65eb73e1ce08086ca72764c60"
  version = "v0.13.0"

[[projects]]
  branch = "master"
  name = "github.com/johanneswuerbach/nfsexports"
  packages = ["."]
  revision = "a9068f3f0daa39616953aec11c3eb1209ebc4086"

[[projects]]
  branch = "master"
  name = "github.com/mitchellh/go-ps"
  packages = ["."]
  revision = "4fdf99ab29366514c69ccccddab5dc58b8d84062"

[[projects]]
  name = "github.com/moby/hyperkit"
  packages = ["go"]
  revision = "858492e3d919f8b49a39e1944a49e1d7b4a51e6d"
  version = "v0.20171204"

[[projects]]
  name = "github.com/pkg/errors"
  packages = ["."]
  revision = "645ef00459ed84a119197bfb8d8205042c6df63d"
  version = "v0.8.0"

[[projects]]
  branch = "master"
  name = "github.com/zchee/go-vmnet"
  packages = ["."]
  revision = "97ebf91740978f1e665defc0a960fb997ebe282b"

[[projects]]
  branch = "master"
  name = "golang.org/x/crypto"
  packages = [
    "curve25519",
    "ed25519",
    "ed25519/internal/edwards25519",
    "internal/chacha20",
    "poly1305",
    "ssh",
    "ssh/terminal"
  ]
  revision = "beaf6a35706e5032ae4c3fcf342c663c069f44d2"

[[projects]]
  branch = "master"
  name = "golang.org/x/sys"
  packages = [
    "unix",
    "windows"
  ]
  revision = "f6cff0780e542efa0c8e864dc8fa522808f6a598"

[solve-meta]
  analyzer-name = "dep"
  analyzer-version = 1
  inputs-digest = "ae48f63945b290e569fd55f5ab47f013950da1d78f04f19100f6287ca1646737"
  solver-name = "gps-cdcl"
  solver-version = 1
